github.com/fatih/color v1.13.0 h1:8LOYc1KYPPmyKMuN8QV2DNRWNbLo6LZ0iLs8+mlH53w=
github.com/fatih/color v1.13.0/go.mod h1:kLAiJbzzSOZDVNGyDpeOxJ47H46qBXwg5ILebYFFOfk=
github.com/google/uuid v1.3.0 h1:t6JiXgmwXMjEs8VusXIJk2BXHsn+wx8BZdTaoZ5fu7I=
github.com/google/uuid v1.3.0/go.mod h1:TIyPZe4MgqvfeYDBFedMoGGpEw/LqOeaOT+nhxU+yHo=
github.com/mattn/go-colorable v0.1.9 h1:sqDoxXbdeALODt0DAeJCVp38ps9ZogZEAXjus69YV3U=
github.com/mattn/go-colorable v0.1.9/go.mod h1:u6P/XSegPjTcexA+o6vUJrdnUu04hMope9wVRipJSqc=
github.com/mattn/go-colorable v0.1.12 h1:jF+Du6AlPIjs2BiUiQlKOX0rt3SujHxPnksPKZbaA40=
github.com/mattn/go-colorable v0.1.12/go.mod h1:u5H1YNBxpqRaxsYJYSkiCWKzEfiAb1Gb520KVy5xxl4=
github.com/mattn/go-colorable v0.1.13 h1:fFA4WZxdEF4tXPZVKMLwD8oUnCTTo08duU7wxecdEvA=
github.com/mattn/go-colorable v0.1.13/go.mod h1:7S9/ev0klgBDR4GtXTXX8a3vIGJpMovkB8vQcUbaXHg=
github.com/mattn/go-isatty v0.0.12/go.mod h1:cbi8OIDigv2wuxKPP5vlRcQ1OAZbq2CE4Kysco4FUpU=
github.com/mattn/go-isatty v0.0.14 h1:yVuAays6BHfxijgZPzw+3Zlu5yQgKGP2/hcQbHb7S9Y=
github.com/mattn/go-isatty v0.0.14/go.mod h1:7GGIvUiUoEMVVmxf/4nioHXj79iQHKdU27kJ6hsGG94=
github.com/mattn/go-isatty v0.0.16 h1:bq3VjFmv/sOjHtdEhmkEV4x1AJtvUvOJ2PFAZ5+peKQ=
github.com/mattn/go-isatty v0.0.16/go.mod h1:kYGgaQfpe5nmfYZH+SKPsOc2e4SrIfOl2e/yFXSvRLM=
github.com/vkuznet/ecm/crypt v0.0.0-20220603141309-2def31aef0b7 h1:wzHe2Qq9YJtiY+gO5V3sRdAKRWYywBc80mEuqkPAtyY=
github.com/vkuznet/ecm/crypt v0.0.0-20220603141309-2def31aef0b7/go.mod h1:ak2RmdGvLStAoTd+yefgy8/X8kwrbuWqhQeFI1wczKA=
github.com/vkuznet/ecm/crypt v0.0.0-20220604132921-4104f7c463c9 h1:tVuEX02tJXR13V1zqAugxeC9M2Y13KFcXOs6yzdIXsE=
github.com/vkuznet/ecm/crypt v0.0.0-20220604132921-4104f7c463c9/go.mod h1:ak2RmdGvLStAoTd+yefgy8/X8kwrbuWqhQeFI1wczKA=
github.com/vkuznet/ecm/crypt v0.0.0-20220818171734-0c8fffb8109c h1:x/VhI9mGz28zv835Gbt/UhISE2fqQuamucm60zqTVmQ=
github.com/vkuznet/ecm/crypt v0.0.0-20220818171734-0c8fffb8109c/go.mod h1:ak2RmdGvLStAoTd+yefgy8/X8kwrbuWqhQeFI1wczKA=
github.com/vkuznet/ecm/crypt v0.0.0-20220819131744-ff4f867cf60c h1:57wjiHt56vLA/+6qZs58hRjs/cwS11jT8hjJDlVUqaA=
github.com/vkuznet/ecm/crypt v0.0.0-20220819131744-ff4f867cf60c/go.mod h1:ak2RmdGvLStAoTd+yefgy8/X8kwrbuWqhQeFI1wczKA=
github.com/vkuznet/ecm/crypt v0.0.0-20220917124759-19ece3c4d663 h1:MU83FqlpEZIKNAQ/IJq5ugATxPr3AjoXYMUCBAflGp4=
github.com/vkuznet/ecm/crypt v0.0.0-20220917124759-19ece3c4d663/go.mod h1:UPfmj5bYzdZJYLRDCX+jdxRHPEvPANY0x7LuFBGPnFc=
github.com/vkuznet/ecm/crypt v0.0.0-20220917141421-6d243eef124f h1:mMPiwbTZ7WQcCm0eDtzMLerpLaZbjT5UzuY14xzMUSA=
github.com/vkuznet/ecm/crypt v0.0.0-20220917141421-6d243eef124f/go.mod h1:87eB1SFUE9nAETM5YShXuM2CaJ8HYBkoLxrnje0u3UQ=
github.com/vkuznet/ecm/crypt v0.0.0-20220917152815-e925ee8d24a9 h1:TbgpZL56hyA8bwkVuci61i8UL9ij/U/vwveFZHQZbmM=
github.com/vkuznet/ecm/crypt v0.0.0-20220917152815-e925ee8d24a9/go.mod h1:87eB1SFUE9nAETM5YShXuM2CaJ8HYBkoLxrnje0u3UQ=
github.com/vkuznet/ecm/storage v0.0.0-20220604132921-4104f7c463c9 h1:6/URdCCK9SblBq3dKMTrfnlVntbLHBcafpvGEtEhe3Y=
github.com/vkuznet/ecm/storage v0.0.0-20220604132921-4104f7c463c9/go.mod h1:Awdc2VbjwAe9zsTztFmYvOAbb81qkv65JIIxmSHyGtQ=
github.com/vkuznet/ecm/storage v0.0.0-20220818171734-0c8fffb8109c h1:QwcvH11o7R6414FaJfwbzUHa3AfOU0qyZNx9BnxdDgk=
github.com/vkuznet/ecm/storage v0.0.0-20220818171734-0c8fffb8109c/go.mod h1:Awdc2VbjwAe9zsTztFmYvOAbb81qkv65JIIxmSHyGtQ=
github.com/vkuznet/ecm/storage v0.0.0-20220819131744-ff4f867cf60c h1:+4ObLDMT9YN6IVisDfKzcBH1zYf+JrKzzJJsyJet1p0=
github.com/vkuznet/ecm/storage v0.0.0-20220819131744-ff4f867cf60c/go.mod h1:Awdc2VbjwAe9zsTztFmYvOAbb81qkv65JIIxmSHyGtQ=
github.com/vkuznet/ecm/storage v0.0.0-20220917124759-19ece3c4d663 h1:+vnaFD3YcD7VG7a8Z/saT8EImF3weCz2IOQvaudbbK0=
github.com/vkuznet/ecm/storage v0.0.0-20220917124759-19ece3c4d663/go.mod h1:+Ij++X6sXCTOimlZAvzIn8ALFOraTzcw7dPd57YJq6k=
github.com/vkuznet/ecm/storage v0.0.0-20220917141421-6d243eef124f h1:nvtnoV6cIcPDgZuh6N3AQb94eGYOa/XnmKbhxKnrotc=
github.com/vkuznet/ecm/storage v0.0.0-20220917141421-6d243eef124f/go.mod h1:+Ij++X6sXCTOimlZAvzIn8ALFOraTzcw7dPd57YJq6k=
github.com/vkuznet/ecm/storage v0.0.0-20220917152815-e925ee8d24a9 h1:CmUqa/XLChNR93sU8WAShrXb3cLIkGhP6JAB1rBwiYA=
github.com/vkuznet/ecm/storage v0.0.0-20220917152815-e925ee8d24a9/go.mod h1:+Ij++X6sXCTOimlZAvzIn8ALFOraTzcw7dPd57YJq6k=
github.com/vkuznet/ecm/utils v0.0.0-20220603141309-2def31aef0b7 h1:T9VeJrX/6EMs5xj27zgieJgF+M7cSA1cxRNisK10ce4=
github.com/vkuznet/ecm/utils v0.0.0-20220603141309-2def31aef0b7/go.mod h1:iyvlmwco1CU64R7S11vmVNSTGqj+GwsqFREF3EUqAR4=
github.com/vkuznet/ecm/utils v0.0.0-20220818171734-0c8fffb8109c h1:19oFzPA3b7R+biwdxg9FH57eyVxVOFgr5q9DCP1NKGI=
github.com/vkuznet/ecm/utils v0.0.0-20220818171734-0c8fffb8109c/go.mod h1:iyvlmwco1CU64R7S11vmVNSTGqj+GwsqFREF3EUqAR4=
github.com/vkuznet/ecm/utils v0.0.0-20220819131744-ff4f867cf60c h1:b5mniiR8zq8crYzJ2QqR3OoTPymtdKp8d8DMbbVsHqk=
github.com/vkuznet/ecm/utils v0.0.0-20220819131744-ff4f867cf60c/go.mod h1:iyvlmwco1CU64R7S11vmVNSTGqj+GwsqFREF3EUqAR4=
github.com/vkuznet/ecm/utils v0.0.0-20220917124759-19ece3c4d663 h1:0uzymtukqaAx/Hc9VGO9lCZ/Iu8es9U6Zox30v0VOXE=
github.com/vkuznet/ecm/utils v0.0.0-20220917124759-19ece3c4d663/go.mod h1:sCqqzC/9Etd2tz/JNM4prNka82IfN7PPavc+qaw8l44=
github.com/vkuznet/ecm/utils v0.0.0-20220917141421-6d243eef124f h1:zteaQ5KYEpciSyBhRVd33fe2x2zielGJoiRM/w9n0x4=
github.com/vkuznet/ecm/utils v0.0.0-20220917141421-6d243eef124f/go.mod h1:v2uyfaBpnPnPF8124HczKz8aAw+LD7Z3gpJEA4oQTNc=
github.com/vkuznet/ecm/utils v0.0.0-20220917152815-e925ee8d24a9 h1:jKuci+AK02sX/prZuzg8CoOB9jusWXSzyxBfM/wnDOQ=
github.com/vkuznet/ecm/utils v0.0.0-20220917152815-e925ee8d24a9/go.mod h1:v2uyfaBpnPnPF8124HczKz8aAw+LD7Z3gpJEA4oQTNc=
golang.org/x/crypto v0.0.0-20220518034528-6f7dac969898 h1:SLP7Q4Di66FONjDJbCYrCRrh97focO6sLogHO7/g8F0=
golang.org/x/crypto v0.0.0-20220518034528-6f7dac969898/go.mod h1:IxCIyHEi3zRg3s0A5j5BB6A9Jmi73HwBIUl50j+osU4=
golang.org/x/crypto v0.0.0-20220525230936-793ad666bf5e h1:T8NU3HyQ8ClP4SEE+KbFlg6n0NhuTsN4MyznaarGsZM=
golang.org/x/crypto v0.0.0-20220525230936-793ad666bf5e/go.mod h1:IxCIyHEi3zRg3s0A5j5BB6A9Jmi73HwBIUl50j+osU4=
golang.org/x/crypto v0.0.0-20220817201139-bc19a97f63c8 h1:GIAS/yBem/gq2MUqgNIzUHW7cJMmx3TGZOrnyYaNQ6c=
golang.org/x/crypto v0.0.0-20220817201139-bc19a97f63c8/go.mod h1:IxCIyHEi3zRg3s0A5j5BB6A9Jmi73HwBIUl50j+osU4=
golang.org/x/crypto v0.0.0-20220829220503-c86fa9a7ed90 h1:Y/gsMcFOcR+6S6f3YeMKl5g+dZMEWqcz5Czj/GWYbkM=
golang.org/x/crypto v0.0.0-20220829220503-c86fa9a7ed90/go.mod h1:IxCIyHEi3zRg3s0A5j5BB6A9Jmi73HwBIUl50j+osU4=
golang.org/x/exp/errors v0.0.0-20220518171630-0b5c67f07fdf h1:Dp3+8dJ8wEMsWBAnC5IFcLBPuCdR2zdh+nsyjKmUfsc=
golang.org/x/exp/errors v0.0.0-20220518171630-0b5c67f07fdf/go.mod h1:YgqsNsAu4fTvlab/7uiYK9LJrCIzKg/NiZUIH1/ayqo=
golang.org/x/exp/errors v0.0.0-20220602145555-4a0574d9293f h1:gfsJOcPY0rRSHOjMGIt0SbPgeyIJdqe8PThJXjsHnvg=
golang.org/x/exp/errors v0.0.0-20220602145555-4a0574d9293f/go.mod h1:YgqsNsAu4fTvlab/7uiYK9LJrCIzKg/NiZUIH1/ayqo=
golang.org/x/exp/errors v0.0.0-20220722155223-a9213eeb770e h1:uvrXQFahntD3rdbosx28GsECAFfg24BmQzn1QhSWuSE=
golang.org/x/exp/errors v0.0.0-20220722155223-a9213eeb770e/go.mod h1:YgqsNsAu4fTvlab/7uiYK9LJrCIzKg/NiZUIH1/ayqo=
golang.org/x/exp/errors v0.0.0-20220916125017-b168a2c6b86b h1:fgvhaf8r9q5B17hxhx2lDZKbIU5clL1o/Ysz6LlGbIw=
golang.org/x/exp/errors v0.0.0-20220916125017-b168a2c6b86b/go.mod h1:YgqsNsAu4fTvlab/7uiYK9LJrCIzKg/NiZUIH1/ayqo=
golang.org/x/sys v0.0.0-20200116001909-b77594299b42/go.mod h1:h1NjWce9XRLGQEsW7wpKNCjG9DtNlClVuFLEZdDNbEs=
golang.org/x/sys v0.0.0-20200223170610-d5e6a3e2c0ae/go.mod h1:h1NjWce9XRLGQEsW7wpKNCjG9DtNlClVuFLEZdDNbEs=
golang.org/x/sys v0.0.0-20210630005230-0f9fa26af87c/go.mod h1:oPkhp1MJrh7nUepCBck5+mAzfO9JrbApNNgaTdGDITg=
golang.org/x/sys v0.0.0-20210927094055-39ccf1dd6fa6/go.mod h1:oPkhp1MJrh7nUepCBck5+mAzfO9JrbApNNgaTdGDITg=
golang.org/x/sys v0.0.0-20220520151302-bc2c85ada10a h1:dGzPydgVsqGcTRVwiLJ1jVbufYwmzD3LfVPLKsKg+0k=
golang.org/x/sys v0.0.0-20220520151302-bc2c85ada10a/go.mod h1:oPkhp1MJrh7nUepCBck5+mAzfO9JrbApNNgaTdGDITg=
golang.org/x/sys v0.0.0-20220811171246-fbc7d0a398ab/go.mod h1:oPkhp1MJrh7nUepCBck5+mAzfO9JrbApNNgaTdGDITg=
golang.org/x/sys v0.0.0-20220818161305-2296e01440c6 h1:Sx/u41w+OwrInGdEckYmEuU5gHoGSL4QbDz3S9s6j4U=
golang.org/x/sys v0.0.0-20220818161305-2296e01440c6/go.mod h1:oPkhp1MJrh7nUepCBck5+mAzfO9JrbApNNgaTdGDITg=
golang.org/x/sys v0.0.0-20220915200043-7b5979e65e41 h1:ohgcoMbSofXygzo6AD2I1kz3BFmW1QArPYTtwEM3UXc=
golang.org/x/sys v0.0.0-20220915200043-7b5979e65e41/go.mod h1:oPkhp1MJrh7nUepCBck5+mAzfO9JrbApNNgaTdGDITg=
golang.org/x/term v0.0.0-20220411215600-e5f449aeb171 h1:EH1Deb8WZJ0xc0WK//leUHXcX9aLE5SymusoTmMZye8=
golang.org/x/term v0.0.0-20220411215600-e5f449aeb171/go.mod h1:jbD1KX2456YbFQfuXm/mYQcufACuNUgVhRMnK/tPxf8=
golang.org/x/term v0.0.0-20220526004731-065cf7ba2467 h1:CBpWXWQpIRjzmkkA+M7q9Fqnwd2mZr3AFqexg8YTfoM=
golang.org/x/term v0.0.0-20220526004731-065cf7ba2467/go.mod h1:jbD1KX2456YbFQfuXm/mYQcufACuNUgVhRMnK/tPxf8=
golang.org/x/term v0.0.0-20220722155259-a9ba230a4035 h1:Q5284mrmYTpACcm+eAKjKJH48BBwSyfJqmmGDTtT8Vc=
golang.org/x/term v0.0.0-20220722155259-a9ba230a4035/go.mod h1:jbD1KX2456YbFQfuXm/mYQcufACuNUgVhRMnK/tPxf8=
