github.com/vkuznet/ecm/utils v0.0.0-20220524114141-5e230e2ed56b h1:FAQFnQqQJ6dn+HfrrABECsldphbntxGkZrZQAraa2ok=
github.com/vkuznet/ecm/utils v0.0.0-20220524114141-5e230e2ed56b/go.mod h1:5U5SwPZ9VwfgoKmnPfRp3ECxcb1MX8WLO51fy1QtY+s=
github.com/vkuznet/ecm/utils v0.0.0-20220524174539-538ae49c57b2 h1:2wfa/znWiyIlPxMLMXV8g2AyNuaMaRXGD5P5X0zjKxc=
github.com/vkuznet/ecm/utils v0.0.0-20220524174539-538ae49c57b2/go.mod h1:iyvlmwco1CU64R7S11vmVNSTGqj+GwsqFREF3EUqAR4=
github.com/vkuznet/ecm/utils v0.0.0-20220819131744-ff4f867cf60c h1:b5mniiR8zq8crYzJ2QqR3OoTPymtdKp8d8DMbbVsHqk=
github.com/vkuznet/ecm/utils v0.0.0-20220819131744-ff4f867cf60c/go.mod h1:iyvlmwco1CU64R7S11vmVNSTGqj+GwsqFREF3EUqAR4=
github.com/vkuznet/ecm/utils v0.0.0-20220917124759-19ece3c4d663 h1:0uzymtukqaAx/Hc9VGO9lCZ/Iu8es9U6Zox30v0VOXE=
github.com/vkuznet/ecm/utils v0.0.0-20220917124759-19ece3c4d663/go.mod h1:sCqqzC/9Etd2tz/JNM4prNka82IfN7PPavc+qaw8l44=
github.com/vkuznet/ecm/utils v0.0.0-20220917141421-6d243eef124f h1:zteaQ5KYEpciSyBhRVd33fe2x2zielGJoiRM/w9n0x4=
github.com/vkuznet/ecm/utils v0.0.0-20220917141421-6d243eef124f/go.mod h1:v2uyfaBpnPnPF8124HczKz8aAw+LD7Z3gpJEA4oQTNc=
github.com/vkuznet/ecm/utils v0.0.0-20220917152815-e925ee8d24a9 h1:jKuci+AK02sX/prZuzg8CoOB9jusWXSzyxBfM/wnDOQ=
github.com/vkuznet/ecm/utils v0.0.0-20220917152815-e925ee8d24a9/go.mod h1:v2uyfaBpnPnPF8124HczKz8aAw+LD7Z3gpJEA4oQTNc=
github.com/vkuznet/ecm/utils v0.0.0-20220917181756-60c9c5c67894 h1:I/RBnIZQDYSbhfq+Jem9mbBCXds9sgSJ2MHV3IyH9YI=
github.com/vkuznet/ecm/utils v0.0.0-20220917181756-60c9c5c67894/go.mod h1:v2uyfaBpnPnPF8124HczKz8aAw+LD7Z3gpJEA4oQTNc=
github.com/vkuznet/ecm/utils v0.0.0-20220918185754-de4b700a6237 h1:w6eEDpQMRWrQa7aKu1JFWitHe93gsooYL9q4/PAuLfY=
github.com/vkuznet/ecm/utils v0.0.0-20220918185754-de4b700a6237/go.mod h1:v2uyfaBpnPnPF8124HczKz8aAw+LD7Z3gpJEA4oQTNc=
github.com/vkuznet/ecm/utils v0.0.0-20220919200420-ee12f369a3a2 h1:xchbWfKq0HlMuvbOFFM9kwXjR9h5DntZIVzynAzBpAc=
github.com/vkuznet/ecm/utils v0.0.0-20220919200420-ee12f369a3a2/go.mod h1:v2uyfaBpnPnPF8124HczKz8aAw+LD7Z3gpJEA4oQTNc=
github.com/vkuznet/ecm/utils v0.0.0-20220920150436-14c90da1146b h1:WuzDVzv8hiFAcNal3hl2a7DLa2CXRY/ZifrqfEwZe84=
github.com/vkuznet/ecm/utils v0.0.0-20220920150436-14c90da1146b/go.mod h1:v2uyfaBpnPnPF8124HczKz8aAw+LD7Z3gpJEA4oQTNc=
golang.org/x/crypto v0.0.0-20220518034528-6f7dac969898 h1:SLP7Q4Di66FONjDJbCYrCRrh97focO6sLogHO7/g8F0=
golang.org/x/crypto v0.0.0-20220518034528-6f7dac969898/go.mod h1:IxCIyHEi3zRg3s0A5j5BB6A9Jmi73HwBIUl50j+osU4=
golang.org/x/crypto v0.0.0-20220817201139-bc19a97f63c8 h1:GIAS/yBem/gq2MUqgNIzUHW7cJMmx3TGZOrnyYaNQ6c=
golang.org/x/crypto v0.0.0-20220817201139-bc19a97f63c8/go.mod h1:IxCIyHEi3zRg3s0A5j5BB6A9Jmi73HwBIUl50j+osU4=
golang.org/x/crypto v0.0.0-20220829220503-c86fa9a7ed90 h1:Y/gsMcFOcR+6S6f3YeMKl5g+dZMEWqcz5Czj/GWYbkM=
golang.org/x/crypto v0.0.0-20220829220503-c86fa9a7ed90/go.mod h1:IxCIyHEi3zRg3s0A5j5BB6A9Jmi73HwBIUl50j+osU4=
golang.org/x/crypto v0.0.0-20220919173607-35f4265a4bc0 h1:a5Yg6ylndHHYJqIPrdq0AhvR6KTvDTAvgBtaidhEevY=
golang.org/x/crypto v0.0.0-20220919173607-35f4265a4bc0/go.mod h1:IxCIyHEi3zRg3s0A5j5BB6A9Jmi73HwBIUl50j+osU4=
golang.org/x/exp/errors v0.0.0-20220518171630-0b5c67f07fdf h1:Dp3+8dJ8wEMsWBAnC5IFcLBPuCdR2zdh+nsyjKmUfsc=
golang.org/x/exp/errors v0.0.0-20220518171630-0b5c67f07fdf/go.mod h1:YgqsNsAu4fTvlab/7uiYK9LJrCIzKg/NiZUIH1/ayqo=
golang.org/x/exp/errors v0.0.0-20220722155223-a9213eeb770e h1:uvrXQFahntD3rdbosx28GsECAFfg24BmQzn1QhSWuSE=
golang.org/x/exp/errors v0.0.0-20220722155223-a9213eeb770e/go.mod h1:YgqsNsAu4fTvlab/7uiYK9LJrCIzKg/NiZUIH1/ayqo=
golang.org/x/exp/errors v0.0.0-20220916125017-b168a2c6b86b h1:fgvhaf8r9q5B17hxhx2lDZKbIU5clL1o/Ysz6LlGbIw=
golang.org/x/exp/errors v0.0.0-20220916125017-b168a2c6b86b/go.mod h1:YgqsNsAu4fTvlab/7uiYK9LJrCIzKg/NiZUIH1/ayqo=
golang.org/x/sys v0.0.0-20220520151302-bc2c85ada10a h1:dGzPydgVsqGcTRVwiLJ1jVbufYwmzD3LfVPLKsKg+0k=
golang.org/x/sys v0.0.0-20220520151302-bc2c85ada10a/go.mod h1:oPkhp1MJrh7nUepCBck5+mAzfO9JrbApNNgaTdGDITg=
golang.org/x/sys v0.0.0-20220818161305-2296e01440c6 h1:Sx/u41w+OwrInGdEckYmEuU5gHoGSL4QbDz3S9s6j4U=
golang.org/x/sys v0.0.0-20220818161305-2296e01440c6/go.mod h1:oPkhp1MJrh7nUepCBck5+mAzfO9JrbApNNgaTdGDITg=
golang.org/x/sys v0.0.0-20220915200043-7b5979e65e41 h1:ohgcoMbSofXygzo6AD2I1kz3BFmW1QArPYTtwEM3UXc=
golang.org/x/sys v0.0.0-20220915200043-7b5979e65e41/go.mod h1:oPkhp1MJrh7nUepCBck5+mAzfO9JrbApNNgaTdGDITg=
golang.org/x/sys v0.0.0-20220919091848-fb04ddd9f9c8 h1:h+EGohizhe9XlX18rfpa8k8RAc5XyaeamM+0VHRd4lc=
golang.org/x/sys v0.0.0-20220919091848-fb04ddd9f9c8/go.mod h1:oPkhp1MJrh7nUepCBck5+mAzfO9JrbApNNgaTdGDITg=
golang.org/x/term v0.0.0-20220411215600-e5f449aeb171 h1:EH1Deb8WZJ0xc0WK//leUHXcX9aLE5SymusoTmMZye8=
golang.org/x/term v0.0.0-20220411215600-e5f449aeb171/go.mod h1:jbD1KX2456YbFQfuXm/mYQcufACuNUgVhRMnK/tPxf8=
golang.org/x/term v0.0.0-20220722155259-a9ba230a4035 h1:Q5284mrmYTpACcm+eAKjKJH48BBwSyfJqmmGDTtT8Vc=
golang.org/x/term v0.0.0-20220722155259-a9ba230a4035/go.mod h1:jbD1KX2456YbFQfuXm/mYQcufACuNUgVhRMnK/tPxf8=
golang.org/x/term v0.0.0-20220919170432-7a66f970e087 h1:tPwmk4vmvVCMdr98VgL4JH+qZxPL8fqlUOHnyOM8N3w=
golang.org/x/term v0.0.0-20220919170432-7a66f970e087/go.mod h1:jbD1KX2456YbFQfuXm/mYQcufACuNUgVhRMnK/tPxf8=
